
Microsoft Visual Studio Solution File, Format Version 12.00
# Visual Studio 15
VisualStudioVersion = 15.0.27130.2036
MinimumVisualStudioVersion = 10.0.40219.1
Project("{FAE04EC0-301F-11D3-BF4B-00C04F79EFBC}") = "OnBoardingCodinGame", "OnBoardingCodinGame\OnBoardingCodinGame.csproj", "{817801EA-1828-4B24-AA63-B6B723D13E2F}"
EndProject
Global
	GlobalSection(SolutionConfigurationPlatforms) = preSolution
		Debug|Any CPU = Debug|Any CPU
		Release|Any CPU = Release|Any CPU
	EndGlobalSection
	GlobalSection(ProjectConfigurationPlatforms) = postSolution
		{817801EA-1828-4B24-AA63-B6B723D13E2F}.Debug|Any CPU.ActiveCfg = Debug|Any CPU
		{817801EA-1828-4B24-AA63-B6B723D13E2F}.Debug|Any CPU.Build.0 = Debug|Any CPU
		{817801EA-1828-4B24-AA63-B6B723D13E2F}.Release|Any CPU.ActiveCfg = Release|Any CPU
		{817801EA-1828-4B24-AA63-B6B723D13E2F}.Release|Any CPU.Build.0 = Release|Any CPU
	EndGlobalSection
	GlobalSection(SolutionProperties) = preSolution
		HideSolutionNode = FALSE
	EndGlobalSection
	GlobalSection(ExtensibilityGlobals) = postSolution
		SolutionGuid = {859CB09B-7F30-4A0D-BA3A-C0CE40777E3A}
	EndGlobalSection
EndGlobal
